
Microsoft Visual Studio Solution File, Format Version 12.00
# Visual Studio 2013
Project("{FAE04EC0-301F-11D3-BF4B-00C04F79EFBC}") = "UnityVS.Jam.CSharp", "UnityVS.Jam.CSharp.csproj", "{23D30F34-DD6B-1B33-A07F-D1273DB934C7}"
EndProject
Global
	GlobalSection(SolutionConfigurationPlatforms) = preSolution
		Debug|Any CPU = Debug|Any CPU
		Release|Any CPU = Release|Any CPU
	EndGlobalSection
	GlobalSection(ProjectConfigurationPlatforms) = postSolution
		{23D30F34-DD6B-1B33-A07F-D1273DB934C7}.Debug|Any CPU.ActiveCfg = Debug|Any CPU
		{23D30F34-DD6B-1B33-A07F-D1273DB934C7}.Debug|Any CPU.Build.0 = Debug|Any CPU
		{23D30F34-DD6B-1B33-A07F-D1273DB934C7}.Release|Any CPU.ActiveCfg = Release|Any CPU
		{23D30F34-DD6B-1B33-A07F-D1273DB934C7}.Release|Any CPU.Build.0 = Release|Any CPU
	EndGlobalSection
	GlobalSection(SolutionProperties) = preSolution
		HideSolutionNode = FALSE
	EndGlobalSection
EndGlobal
